// !$*UTF8*$!
{
	archiveVersion = 1;
	classes = {
	};
	objectVersion = 48;
	objects = {

/* Begin PBXBuildFile section */
		350DF15A208AC20C000CF4AF /* images in Resources */ = {isa = PBXBuildFile; fileRef = 350DF159208AC20C000CF4AF /* images */; };
		35115A6B208B801300FD5E71 /* ApiManager.swift in Sources */ = {isa = PBXBuildFile; fileRef = 35115A6A208B801200FD5E71 /* ApiManager.swift */; };
		35115A6D208B823A00FD5E71 /* CoreDataManager.swift in Sources */ = {isa = PBXBuildFile; fileRef = 35115A6C208B823A00FD5E71 /* CoreDataManager.swift */; };
		35996322208AEE1100A1930D /* RecentMoviesController.swift in Sources */ = {isa = PBXBuildFile; fileRef = 35996321208AEE1100A1930D /* RecentMoviesController.swift */; };
		35996324208AEE4B00A1930D /* DetailsViewController.swift in Sources */ = {isa = PBXBuildFile; fileRef = 35996323208AEE4B00A1930D /* DetailsViewController.swift */; };
		35996326208AEE7E00A1930D /* FavouritViewController.swift in Sources */ = {isa = PBXBuildFile; fileRef = 35996325208AEE7E00A1930D /* FavouritViewController.swift */; };
		35996328208AEE9E00A1930D /* Movie.swift in Sources */ = {isa = PBXBuildFile; fileRef = 35996327208AEE9E00A1930D /* Movie.swift */; };
		35C17499208AADB500E7BC06 /* AppDelegate.swift in Sources */ = {isa = PBXBuildFile; fileRef = 35C17498208AADB500E7BC06 /* AppDelegate.swift */; };
		35C1749E208AADB500E7BC06 /* Main.storyboard in Resources */ = {isa = PBXBuildFile; fileRef = 35C1749C208AADB500E7BC06 /* Main.storyboard */; };
		35C174A1208AADB500E7BC06 /* WatchIT.xcdatamodeld in Sources */ = {isa = PBXBuildFile; fileRef = 35C1749F208AADB500E7BC06 /* WatchIT.xcdatamodeld */; };
		35C174A3208AADB500E7BC06 /* Assets.xcassets in Resources */ = {isa = PBXBuildFile; fileRef = 35C174A2208AADB500E7BC06 /* Assets.xcassets */; };
		35C174A6208AADB500E7BC06 /* LaunchScreen.storyboard in Resources */ = {isa = PBXBuildFile; fileRef = 35C174A4208AADB500E7BC06 /* LaunchScreen.storyboard */; };
		94E973E877C06514B882A2C5 /* Pods_WatchIT.framework in Frameworks */ = {isa = PBXBuildFile; fileRef = D8A14A3495FE948C9A87E8A1 /* Pods_WatchIT.framework */; };
/* End PBXBuildFile section */

/* Begin PBXFileReference section */
		350DF159208AC20C000CF4AF /* images */ = {isa = PBXFileReference; lastKnownFileType = folder; name = images; path = WatchIT/images; sourceTree = "<group>"; };
		35115A6A208B801200FD5E71 /* ApiManager.swift */ = {isa = PBXFileReference; lastKnownFileType = sourcecode.swift; path = ApiManager.swift; sourceTree = "<group>"; };
		35115A6C208B823A00FD5E71 /* CoreDataManager.swift */ = {isa = PBXFileReference; lastKnownFileType = sourcecode.swift; path = CoreDataManager.swift; sourceTree = "<group>"; };
		35996321208AEE1100A1930D /* RecentMoviesController.swift */ = {isa = PBXFileReference; lastKnownFileType = sourcecode.swift; path = RecentMoviesController.swift; sourceTree = "<group>"; };
		35996323208AEE4B00A1930D /* DetailsViewController.swift */ = {isa = PBXFileReference; lastKnownFileType = sourcecode.swift; path = DetailsViewController.swift; sourceTree = "<group>"; };
		35996325208AEE7E00A1930D /* FavouritViewController.swift */ = {isa = PBXFileReference; lastKnownFileType = sourcecode.swift; path = FavouritViewController.swift; sourceTree = "<group>"; };
		35996327208AEE9E00A1930D /* Movie.swift */ = {isa = PBXFileReference; lastKnownFileType = sourcecode.swift; path = Movie.swift; sourceTree = "<group>"; };
		35C17495208AADB500E7BC06 /* WatchIT.app */ = {isa = PBXFileReference; explicitFileType = wrapper.application; includeInIndex = 0; path = WatchIT.app; sourceTree = BUILT_PRODUCTS_DIR; };
		35C17498208AADB500E7BC06 /* AppDelegate.swift */ = {isa = PBXFileReference; lastKnownFileType = sourcecode.swift; path = AppDelegate.swift; sourceTree = "<group>"; };
		35C1749D208AADB500E7BC06 /* Base */ = {isa = PBXFileReference; lastKnownFileType = file.storyboard; name = Base; path = Base.lproj/Main.storyboard; sourceTree = "<group>"; };
		35C174A0208AADB500E7BC06 /* WatchIT.xcdatamodel */ = {isa = PBXFileReference; lastKnownFileType = wrapper.xcdatamodel; path = WatchIT.xcdatamodel; sourceTree = "<group>"; };
		35C174A2208AADB500E7BC06 /* Assets.xcassets */ = {isa = PBXFileReference; lastKnownFileType = folder.assetcatalog; path = Assets.xcassets; sourceTree = "<group>"; };
		35C174A5208AADB500E7BC06 /* Base */ = {isa = PBXFileReference; lastKnownFileType = file.storyboard; name = Base; path = Base.lproj/LaunchScreen.storyboard; sourceTree = "<group>"; };
		35C174A7208AADB500E7BC06 /* Info.plist */ = {isa = PBXFileReference; lastKnownFileType = text.plist.xml; path = Info.plist; sourceTree = "<group>"; };
		53482F85AA2983A9004B6AE6 /* Pods-WatchIT.debug.xcconfig */ = {isa = PBXFileReference; includeInIndex = 1; lastKnownFileType = text.xcconfig; name = "Pods-WatchIT.debug.xcconfig"; path = "Pods/Target Support Files/Pods-WatchIT/Pods-WatchIT.debug.xcconfig"; sourceTree = "<group>"; };
		830B6FE6792E1F5DF9F23D42 /* Pods-WatchIT.release.xcconfig */ = {isa = PBXFileReference; includeInIndex = 1; lastKnownFileType = text.xcconfig; name = "Pods-WatchIT.release.xcconfig"; path = "Pods/Target Support Files/Pods-WatchIT/Pods-WatchIT.release.xcconfig"; sourceTree = "<group>"; };
		D8A14A3495FE948C9A87E8A1 /* Pods_WatchIT.framework */ = {isa = PBXFileReference; explicitFileType = wrapper.framework; includeInIndex = 0; path = Pods_WatchIT.framework; sourceTree = BUILT_PRODUCTS_DIR; };
/* End PBXFileReference section */

/* Begin PBXFrameworksBuildPhase section */
		35C17492208AADB500E7BC06 /* Frameworks */ = {
			isa = PBXFrameworksBuildPhase;
			buildActionMask = 2147483647;
			files = (
				94E973E877C06514B882A2C5 /* Pods_WatchIT.framework in Frameworks */,
			);
			runOnlyForDeploymentPostprocessing = 0;
		};
/* End PBXFrameworksBuildPhase section */

/* Begin PBXGroup section */
		35115A69208B7FDE00FD5E71 /* api */ = {
			isa = PBXGroup;
			children = (
				3599632A208AEEEE00A1930D /* Model */,
				35115A6A208B801200FD5E71 /* ApiManager.swift */,
				35115A6C208B823A00FD5E71 /* CoreDataManager.swift */,
			);
			path = api;
			sourceTree = "<group>";
		};
		35996329208AEEB100A1930D /* Controllers */ = {
			isa = PBXGroup;
			children = (
				35996325208AEE7E00A1930D /* FavouritViewController.swift */,
				35996323208AEE4B00A1930D /* DetailsViewController.swift */,
				35996321208AEE1100A1930D /* RecentMoviesController.swift */,
			);
			path = Controllers;
			sourceTree = "<group>";
		};
		3599632A208AEEEE00A1930D /* Model */ = {
			isa = PBXGroup;
			children = (
				35996327208AEE9E00A1930D /* Movie.swift */,
			);
			path = Model;
			sourceTree = "<group>";
		};
		35C1748C208AADB500E7BC06 = {
			isa = PBXGroup;
			children = (
				350DF159208AC20C000CF4AF /* images */,
				35C17497208AADB500E7BC06 /* WatchIT */,
				35C17496208AADB500E7BC06 /* Products */,
				430E27E92AA9781209632BBE /* Pods */,
				B9D2839DB8D24E39F58FDFAC /* Frameworks */,
			);
			sourceTree = "<group>";
		};
		35C17496208AADB500E7BC06 /* Products */ = {
			isa = PBXGroup;
			children = (
				35C17495208AADB500E7BC06 /* WatchIT.app */,
			);
			name = Products;
			sourceTree = "<group>";
		};
		35C17497208AADB500E7BC06 /* WatchIT */ = {
			isa = PBXGroup;
			children = (
				35115A69208B7FDE00FD5E71 /* api */,
				35996329208AEEB100A1930D /* Controllers */,
				35C17498208AADB500E7BC06 /* AppDelegate.swift */,
				35C1749C208AADB500E7BC06 /* Main.storyboard */,
				35C174A2208AADB500E7BC06 /* Assets.xcassets */,
				35C174A4208AADB500E7BC06 /* LaunchScreen.storyboard */,
				35C174A7208AADB500E7BC06 /* Info.plist */,
				35C1749F208AADB500E7BC06 /* WatchIT.xcdatamodeld */,
			);
			path = WatchIT;
			sourceTree = "<group>";
		};
		430E27E92AA9781209632BBE /* Pods */ = {
			isa = PBXGroup;
			children = (
				53482F85AA2983A9004B6AE6 /* Pods-WatchIT.debug.xcconfig */,
				830B6FE6792E1F5DF9F23D42 /* Pods-WatchIT.release.xcconfig */,
			);
			name = Pods;
			sourceTree = "<group>";
		};
		B9D2839DB8D24E39F58FDFAC /* Frameworks */ = {
			isa = PBXGroup;
			children = (
				D8A14A3495FE948C9A87E8A1 /* Pods_WatchIT.framework */,
			);
			name = Frameworks;
			sourceTree = "<group>";
		};
/* End PBXGroup section */

/* Begin PBXNativeTarget section */
		35C17494208AADB500E7BC06 /* WatchIT */ = {
			isa = PBXNativeTarget;
			buildConfigurationList = 35C174AA208AADB500E7BC06 /* Build configuration list for PBXNativeTarget "WatchIT" */;
			buildPhases = (
				56903F133F32725FE9765637 /* [CP] Check Pods Manifest.lock */,
				35C17491208AADB500E7BC06 /* Sources */,
				35C17492208AADB500E7BC06 /* Frameworks */,
				35C17493208AADB500E7BC06 /* Resources */,
				768998A6545D5EC1BA9A5366 /* [CP] Embed Pods Frameworks */,
			);
			buildRules = (
			);
			dependencies = (
			);
			name = WatchIT;
			productName = WatchIT;
			productReference = 35C17495208AADB500E7BC06 /* WatchIT.app */;
			productType = "com.apple.product-type.application";
		};
/* End PBXNativeTarget section */

/* Begin PBXProject section */
		35C1748D208AADB500E7BC06 /* Project object */ = {
			isa = PBXProject;
			attributes = {
				LastSwiftUpdateCheck = 0910;
				LastUpgradeCheck = 0910;
				ORGANIZATIONNAME = Sulta;
				TargetAttributes = {
					35C17494208AADB500E7BC06 = {
						CreatedOnToolsVersion = 9.1;
						ProvisioningStyle = Automatic;
					};
				};
			};
			buildConfigurationList = 35C17490208AADB500E7BC06 /* Build configuration list for PBXProject "WatchIT" */;
			compatibilityVersion = "Xcode 8.0";
			developmentRegion = en;
			hasScannedForEncodings = 0;
			knownRegions = (
				en,
				Base,
			);
			mainGroup = 35C1748C208AADB500E7BC06;
			productRefGroup = 35C17496208AADB500E7BC06 /* Products */;
			projectDirPath = "";
			projectRoot = "";
			targets = (
				35C17494208AADB500E7BC06 /* WatchIT */,
			);
		};
/* End PBXProject section */

/* Begin PBXResourcesBuildPhase section */
		35C17493208AADB500E7BC06 /* Resources */ = {
			isa = PBXResourcesBuildPhase;
			buildActionMask = 2147483647;
			files = (
				350DF15A208AC20C000CF4AF /* images in Resources */,
				35C174A6208AADB500E7BC06 /* LaunchScreen.storyboard in Resources */,
				35C174A3208AADB500E7BC06 /* Assets.xcassets in Resources */,
				35C1749E208AADB500E7BC06 /* Main.storyboard in Resources */,
			);
			runOnlyForDeploymentPostprocessing = 0;
		};
/* End PBXResourcesBuildPhase section */

/* Begin PBXShellScriptBuildPhase section */
		56903F133F32725FE9765637 /* [CP] Check Pods Manifest.lock */ = {
			isa = PBXShellScriptBuildPhase;
			buildActionMask = 2147483647;
			files = (
			);
			inputPaths = (
				"${PODS_PODFILE_DIR_PATH}/Podfile.lock",
				"${PODS_ROOT}/Manifest.lock",
			);
			name = "[CP] Check Pods Manifest.lock";
			outputPaths = (
				"$(DERIVED_FILE_DIR)/Pods-WatchIT-checkManifestLockResult.txt",
			);
			runOnlyForDeploymentPostprocessing = 0;
			shellPath = /bin/sh;
			shellScript = "diff \"${PODS_PODFILE_DIR_PATH}/Podfile.lock\" \"${PODS_ROOT}/Manifest.lock\" > /dev/null\nif [ $? != 0 ] ; then\n    # print error to STDERR\n    echo \"error: The sandbox is not in sync with the Podfile.lock. Run 'pod install' or update your CocoaPods installation.\" >&2\n    exit 1\nfi\n# This output is used by Xcode 'outputs' to avoid re-running this script phase.\necho \"SUCCESS\" > \"${SCRIPT_OUTPUT_FILE_0}\"\n";
			showEnvVarsInLog = 0;
		};
		768998A6545D5EC1BA9A5366 /* [CP] Embed Pods Frameworks */ = {
			isa = PBXShellScriptBuildPhase;
			buildActionMask = 2147483647;
			files = (
			);
			inputPaths = (
				"${SRCROOT}/Pods/Target Support Files/Pods-WatchIT/Pods-WatchIT-frameworks.sh",
				"${BUILT_PRODUCTS_DIR}/Alamofire/Alamofire.framework",
				"${BUILT_PRODUCTS_DIR}/SDWebImage/SDWebImage.framework",
			);
			name = "[CP] Embed Pods Frameworks";
			outputPaths = (
				"${TARGET_BUILD_DIR}/${FRAMEWORKS_FOLDER_PATH}/Alamofire.framework",
				"${TARGET_BUILD_DIR}/${FRAMEWORKS_FOLDER_PATH}/SDWebImage.framework",
			);
			runOnlyForDeploymentPostprocessing = 0;
			shellPath = /bin/sh;
			shellScript = "\"${SRCROOT}/Pods/Target Support Files/Pods-WatchIT/Pods-WatchIT-frameworks.sh\"\n";
			showEnvVarsInLog = 0;
		};
/* End PBXShellScriptBuildPhase section */

/* Begin PBXSourcesBuildPhase section */
		35C17491208AADB500E7BC06 /* Sources */ = {
			isa = PBXSourcesBuildPhase;
			buildActionMask = 2147483647;
			files = (
				35996328208AEE9E00A1930D /* Movie.swift in Sources */,
				35C17499208AADB500E7BC06 /* AppDelegate.swift in Sources */,
				35C174A1208AADB500E7BC06 /* WatchIT.xcdatamodeld in Sources */,
				35115A6B208B801300FD5E71 /* ApiManager.swift in Sources */,
				35996322208AEE1100A1930D /* RecentMoviesController.swift in Sources */,
				35996326208AEE7E00A1930D /* FavouritViewController.swift in Sources */,
				35115A6D208B823A00FD5E71 /* CoreDataManager.swift in Sources */,
				35996324208AEE4B00A1930D /* DetailsViewController.swift in Sources */,
			);
			runOnlyForDeploymentPostprocessing = 0;
		};
/* End PBXSourcesBuildPhase section */

/* Begin PBXVariantGroup section */
		35C1749C208AADB500E7BC06 /* Main.storyboard */ = {
			isa = PBXVariantGroup;
			children = (
				35C1749D208AADB500E7BC06 /* Base */,
			);
			name = Main.storyboard;
			sourceTree = "<group>";
		};
		35C174A4208AADB500E7BC06 /* LaunchScreen.storyboard */ = {
			isa = PBXVariantGroup;
			children = (
				35C174A5208AADB500E7BC06 /* Base */,
			);
			name = LaunchScreen.storyboard;
			sourceTree = "<group>";
		};
/* End PBXVariantGroup section */

/* Begin XCBuildConfiguration section */
		35C174A8208AADB500E7BC06 /* Debug */ = {
			isa = XCBuildConfiguration;
			buildSettings = {
				ALWAYS_SEARCH_USER_PATHS = NO;
				CLANG_ANALYZER_NONNULL = YES;
				CLANG_ANALYZER_NUMBER_OBJECT_CONVERSION = YES_AGGRESSIVE;
				CLANG_CXX_LANGUAGE_STANDARD = "gnu++14";
				CLANG_CXX_LIBRARY = "libc++";
				CLANG_ENABLE_MODULES = YES;
				CLANG_ENABLE_OBJC_ARC = YES;
				CLANG_WARN_BLOCK_CAPTURE_AUTORELEASING = YES;
				CLANG_WARN_BOOL_CONVERSION = YES;
				CLANG_WARN_COMMA = YES;
				CLANG_WARN_CONSTANT_CONVERSION = YES;
				CLANG_WARN_DIRECT_OBJC_ISA_USAGE = YES_ERROR;
				CLANG_WARN_DOCUMENTATION_COMMENTS = YES;
				CLANG_WARN_EMPTY_BODY = YES;
				CLANG_WARN_ENUM_CONVERSION = YES;
				CLANG_WARN_INFINITE_RECURSION = YES;
				CLANG_WARN_INT_CONVERSION = YES;
				CLANG_WARN_NON_LITERAL_NULL_CONVERSION = YES;
				CLANG_WARN_OBJC_LITERAL_CONVERSION = YES;
				CLANG_WARN_OBJC_ROOT_CLASS = YES_ERROR;
				CLANG_WARN_RANGE_LOOP_ANALYSIS = YES;
				CLANG_WARN_STRICT_PROTOTYPES = YES;
				CLANG_WARN_SUSPICIOUS_MOVE = YES;
				CLANG_WARN_UNGUARDED_AVAILABILITY = YES_AGGRESSIVE;
				CLANG_WARN_UNREACHABLE_CODE = YES;
				CLANG_WARN__DUPLICATE_METHOD_MATCH = YES;
				CODE_SIGN_IDENTITY = "iPhone Developer";
				COPY_PHASE_STRIP = NO;
				DEBUG_INFORMATION_FORMAT = dwarf;
				ENABLE_STRICT_OBJC_MSGSEND = YES;
				ENABLE_TESTABILITY = YES;
				GCC_C_LANGUAGE_STANDARD = gnu11;
				GCC_DYNAMIC_NO_PIC = NO;
				GCC_NO_COMMON_BLOCKS = YES;
				GCC_OPTIMIZATION_LEVEL = 0;
				GCC_PREPROCESSOR_DEFINITIONS = (
					"DEBUG=1",
					"$(inherited)",
				);
				GCC_WARN_64_TO_32_BIT_CONVERSION = YES;
				GCC_WARN_ABOUT_RETURN_TYPE = YES_ERROR;
				GCC_WARN_UNDECLARED_SELECTOR = YES;
				GCC_WARN_UNINITIALIZED_AUTOS = YES_AGGRESSIVE;
				GCC_WARN_UNUSED_FUNCTION = YES;
				GCC_WARN_UNUSED_VARIABLE = YES;
				IPHONEOS_DEPLOYMENT_TARGET = 11.1;
				MTL_ENABLE_DEBUG_INFO = YES;
				ONLY_ACTIVE_ARCH = YES;
				SDKROOT = iphoneos;
				SWIFT_ACTIVE_COMPILATION_CONDITIONS = DEBUG;
				SWIFT_OPTIMIZATION_LEVEL = "-Onone";
			};
			name = Debug;
		};
		35C174A9208AADB500E7BC06 /* Release */ = {
			isa = XCBuildConfiguration;
			buildSettings = {
				ALWAYS_SEARCH_USER_PATHS = NO;
				CLANG_ANALYZER_NONNULL = YES;
				CLANG_ANALYZER_NUMBER_OBJECT_CONVERSION = YES_AGGRESSIVE;
				CLANG_CXX_LANGUAGE_STANDARD = "gnu++14";
				CLANG_CXX_LIBRARY = "libc++";
				CLANG_ENABLE_MODULES = YES;
				CLANG_ENABLE_OBJC_ARC = YES;
				CLANG_WARN_BLOCK_CAPTURE_AUTORELEASING = YES;
				CLANG_WARN_BOOL_CONVERSION = YES;
				CLANG_WARN_COMMA = YES;
				CLANG_WARN_CONSTANT_CONVERSION = YES;
				CLANG_WARN_DIRECT_OBJC_ISA_USAGE = YES_ERROR;
				CLANG_WARN_DOCUMENTATION_COMMENTS = YES;
				CLANG_WARN_EMPTY_BODY = YES;
				CLANG_WARN_ENUM_CONVERSION = YES;
				CLANG_WARN_INFINITE_RECURSION = YES;
				CLANG_WARN_INT_CONVERSION = YES;
				CLANG_WARN_NON_LITERAL_NULL_CONVERSION = YES;
				CLANG_WARN_OBJC_LITERAL_CONVERSION = YES;
				CLANG_WARN_OBJC_ROOT_CLASS = YES_ERROR;
				CLANG_WARN_RANGE_LOOP_ANALYSIS = YES;
				CLANG_WARN_STRICT_PROTOTYPES = YES;
				CLANG_WARN_SUSPICIOUS_MOVE = YES;
				CLANG_WARN_UNGUARDED_AVAILABILITY = YES_AGGRESSIVE;
				CLANG_WARN_UNREACHABLE_CODE = YES;
				CLANG_WARN__DUPLICATE_METHOD_MATCH = YES;
				CODE_SIGN_IDENTITY = "iPhone Developer";
				COPY_PHASE_STRIP = NO;
				DEBUG_INFORMATION_FORMAT = "dwarf-with-dsym";
				ENABLE_NS_ASSERTIONS = NO;
				ENABLE_STRICT_OBJC_MSGSEND = YES;
				GCC_C_LANGUAGE_STANDARD = gnu11;
				GCC_NO_COMMON_BLOCKS = YES;
				GCC_WARN_64_TO_32_BIT_CONVERSION = YES;
				GCC_WARN_ABOUT_RETURN_TYPE = YES_ERROR;
				GCC_WARN_UNDECLARED_SELECTOR = YES;
				GCC_WARN_UNINITIALIZED_AUTOS = YES_AGGRESSIVE;
				GCC_WARN_UNUSED_FUNCTION = YES;
				GCC_WARN_UNUSED_VARIABLE = YES;
				IPHONEOS_DEPLOYMENT_TARGET = 11.1;
				MTL_ENABLE_DEBUG_INFO = NO;
				SDKROOT = iphoneos;
				SWIFT_OPTIMIZATION_LEVEL = "-Owholemodule";
				VALIDATE_PRODUCT = YES;
			};
			name = Release;
		};
		35C174AB208AADB500E7BC06 /* Debug */ = {
			isa = XCBuildConfiguration;
			baseConfigurationReference = 53482F85AA2983A9004B6AE6 /* Pods-WatchIT.debug.xcconfig */;
			buildSettings = {
				ASSETCATALOG_COMPILER_APPICON_NAME = AppIcon;
				CODE_SIGN_STYLE = Automatic;
				INFOPLIST_FILE = WatchIT/Info.plist;
				LD_RUNPATH_SEARCH_PATHS = "$(inherited) @executable_path/Frameworks";
				PRODUCT_BUNDLE_IDENTIFIER = iti.WatchIT;
				PRODUCT_NAME = "$(TARGET_NAME)";
				SWIFT_VERSION = 4.0;
				TARGETED_DEVICE_FAMILY = "1,2";
			};
			name = Debug;
		};
		35C174AC208AADB500E7BC06 /* Release */ = {
			isa = XCBuildConfiguration;
			baseConfigurationReference = 830B6FE6792E1F5DF9F23D42 /* Pods-WatchIT.release.xcconfig */;
			buildSettings = {
				ASSETCATALOG_COMPILER_APPICON_NAME = AppIcon;
				CODE_SIGN_STYLE = Automatic;
				INFOPLIST_FILE = WatchIT/Info.plist;
				LD_RUNPATH_SEARCH_PATHS = "$(inherited) @executable_path/Frameworks";
				PRODUCT_BUNDLE_IDENTIFIER = iti.WatchIT;
				PRODUCT_NAME = "$(TARGET_NAME)";
				SWIFT_VERSION = 4.0;
				TARGETED_DEVICE_FAMILY = "1,2";
			};
			name = Release;
		};
/* End XCBuildConfiguration section */

/* Begin XCConfigurationList section */
		35C17490208AADB500E7BC06 /* Build configuration list for PBXProject "WatchIT" */ = {
			isa = XCConfigurationList;
			buildConfigurations = (
				35C174A8208AADB500E7BC06 /* Debug */,
				35C174A9208AADB500E7BC06 /* Release */,
			);
			defaultConfigurationIsVisible = 0;
			defaultConfigurationName = Release;
		};
		35C174AA208AADB500E7BC06 /* Build configuration list for PBXNativeTarget "WatchIT" */ = {
			isa = XCConfigurationList;
			buildConfigurations = (
				35C174AB208AADB500E7BC06 /* Debug */,
				35C174AC208AADB500E7BC06 /* Release */,
			);
			defaultConfigurationIsVisible = 0;
			defaultConfigurationName = Release;
		};
/* End XCConfigurationList section */

/* Begin XCVersionGroup section */
		35C1749F208AADB500E7BC06 /* WatchIT.xcdatamodeld */ = {
			isa = XCVersionGroup;
			children = (
				35C174A0208AADB500E7BC06 /* WatchIT.xcdatamodel */,
			);
			currentVersion = 35C174A0208AADB500E7BC06 /* WatchIT.xcdatamodel */;
			path = WatchIT.xcdatamodeld;
			sourceTree = "<group>";
			versionGroupType = wrapper.xcdatamodel;
		};
/* End XCVersionGroup section */
	};
	rootObject = 35C1748D208AADB500E7BC06 /* Project object */;
}
